
Microsoft Visual Studio Solution File, Format Version 12.00
# Visual Studio Version 17
VisualStudioVersion = 17.0.31903.59
MinimumVisualStudioVersion = 10.0.40219.1
Project("{FAE04EC0-301F-11D3-BF4B-00C04F79EFBC}") = "Domain", "Domain\Domain.csproj", "{3603E89C-49DB-43C0-8E1C-BDE5C25D5610}"
EndProject
Project("{FAE04EC0-301F-11D3-BF4B-00C04F79EFBC}") = "Application", "Application\Application.csproj", "{B1F83675-749E-453C-8B2F-71C6137CE839}"
EndProject
Global
	GlobalSection(SolutionConfigurationPlatforms) = preSolution
		Debug|Any CPU = Debug|Any CPU
		Release|Any CPU = Release|Any CPU
	EndGlobalSection
	GlobalSection(SolutionProperties) = preSolution
		HideSolutionNode = FALSE
	EndGlobalSection
	GlobalSection(ProjectConfigurationPlatforms) = postSolution
		{3603E89C-49DB-43C0-8E1C-BDE5C25D5610}.Debug|Any CPU.ActiveCfg = Debug|Any CPU
		{3603E89C-49DB-43C0-8E1C-BDE5C25D5610}.Debug|Any CPU.Build.0 = Debug|Any CPU
		{3603E89C-49DB-43C0-8E1C-BDE5C25D5610}.Release|Any CPU.ActiveCfg = Release|Any CPU
		{3603E89C-49DB-43C0-8E1C-BDE5C25D5610}.Release|Any CPU.Build.0 = Release|Any CPU
		{B1F83675-749E-453C-8B2F-71C6137CE839}.Debug|Any CPU.ActiveCfg = Debug|Any CPU
		{B1F83675-749E-453C-8B2F-71C6137CE839}.Debug|Any CPU.Build.0 = Debug|Any CPU
		{B1F83675-749E-453C-8B2F-71C6137CE839}.Release|Any CPU.ActiveCfg = Release|Any CPU
		{B1F83675-749E-453C-8B2F-71C6137CE839}.Release|Any CPU.Build.0 = Release|Any CPU
	EndGlobalSection
EndGlobal
